{
  "name": "advent-of-code",
  "version": "1.0.0",
  "lockfileVersion": 3,
  "requires": true,
  "packages": {
    "": {
      "name": "advent-of-code",
      "version": "1.0.0",
      "license": "GPL-3.0-or-later",
      "dependencies": {
        "heap-js": "^2.3.0"
      }
    },
    "node_modules/heap-js": {
      "version": "2.3.0",
      "resolved": "https://unpm.uberinternal.com/heap-js/-/heap-js-2.3.0.tgz",
      "integrity": "sha1-ju0s7eMewxKqaW7vHU3wVlhB8YM=",
      "license": "BSD-3-Clause",
      "engines": {
        "node": ">=10.0.0"
      }
    }
  }
}
