{
  "name": "advent-of-code",
  "version": "1.0.0",
  "lockfileVersion": 3,
  "requires": true,
  "packages": {
    "": {
      "name": "advent-of-code",
      "version": "1.0.0",
      "license": "GPL-3.0-or-later",
      "dependencies": {
        "heap-js": "^2.3.0",
        "yalps": "^0.6.3"
      }
    },
    "node_modules/heap": {
      "version": "0.2.7",
      "resolved": "https://unpm.uberinternal.com/artifactory/api/npm/npmjs-virtual/heap/-/heap-0.2.7.tgz",
      "integrity": "sha512-2bsegYkkHO+h/9MGbn6KWcE45cHZgPANo5LXF7EvWdT0yT2EguSVO1nDgU5c8+ZOPwp2vMNa7YFsJhVcDR9Sdg==",
      "license": "MIT"
    },
    "node_modules/heap-js": {
      "version": "2.3.0",
      "resolved": "https://unpm.uberinternal.com/heap-js/-/heap-js-2.3.0.tgz",
      "integrity": "sha1-ju0s7eMewxKqaW7vHU3wVlhB8YM=",
      "license": "BSD-3-Clause",
      "engines": {
        "node": ">=10.0.0"
      }
    },
    "node_modules/yalps": {
      "version": "0.6.3",
      "resolved": "https://unpm.uberinternal.com/artifactory/api/npm/npmjs-virtual/yalps/-/yalps-0.6.3.tgz",
      "integrity": "sha512-XS1Sb3uejyNMu/Bl+3ZdI4VZGJKT6JSoSDYcLFlapOUy0wJPN9h+XDXAY8xeFk0bQFdEMIOGNAN2/jht4XSJKA==",
      "license": "MIT",
      "dependencies": {
        "heap": "^0.2.7"
      }
    }
  }
}
